
Microsoft Visual Studio Solution File, Format Version 12.00
# Visual Studio Version 17
VisualStudioVersion = 17.14.36310.24
MinimumVisualStudioVersion = 10.0.40219.1
Project("{9A19103F-16F7-4668-BE54-9A1E7A4F7556}") = "FightGearShopApp", "FightGearShopApp\FightGearShopApp.csproj", "{FB058BE7-8C15-49A8-8445-DC005AF3FEC7}"
EndProject
Project("{9A19103F-16F7-4668-BE54-9A1E7A4F7556}") = "FightGearShopApp.Infrastucture", "FightGearShopApp.Infrastucture\FightGearShopApp.Infrastucture.csproj", "{210B8D1A-4CF6-4DFC-91CB-26BEA4B6DC16}"
EndProject
Project("{FAE04EC0-301F-11D3-BF4B-00C04F79EFBC}") = "FightGearShopApp.Core", "FightGearShopApp.Core\FightGearShopApp.Core.csproj", "{497D7AA1-BDF6-4284-8C7C-F09D4917EF82}"
EndProject
Global
	GlobalSection(SolutionConfigurationPlatforms) = preSolution
		Debug|Any CPU = Debug|Any CPU
		Release|Any CPU = Release|Any CPU
	EndGlobalSection
	GlobalSection(ProjectConfigurationPlatforms) = postSolution
		{FB058BE7-8C15-49A8-8445-DC005AF3FEC7}.Debug|Any CPU.ActiveCfg = Debug|Any CPU
		{FB058BE7-8C15-49A8-8445-DC005AF3FEC7}.Debug|Any CPU.Build.0 = Debug|Any CPU
		{FB058BE7-8C15-49A8-8445-DC005AF3FEC7}.Release|Any CPU.ActiveCfg = Release|Any CPU
		{FB058BE7-8C15-49A8-8445-DC005AF3FEC7}.Release|Any CPU.Build.0 = Release|Any CPU
		{210B8D1A-4CF6-4DFC-91CB-26BEA4B6DC16}.Debug|Any CPU.ActiveCfg = Debug|Any CPU
		{210B8D1A-4CF6-4DFC-91CB-26BEA4B6DC16}.Debug|Any CPU.Build.0 = Debug|Any CPU
		{210B8D1A-4CF6-4DFC-91CB-26BEA4B6DC16}.Release|Any CPU.ActiveCfg = Release|Any CPU
		{210B8D1A-4CF6-4DFC-91CB-26BEA4B6DC16}.Release|Any CPU.Build.0 = Release|Any CPU
		{497D7AA1-BDF6-4284-8C7C-F09D4917EF82}.Debug|Any CPU.ActiveCfg = Debug|Any CPU
		{497D7AA1-BDF6-4284-8C7C-F09D4917EF82}.Debug|Any CPU.Build.0 = Debug|Any CPU
		{497D7AA1-BDF6-4284-8C7C-F09D4917EF82}.Release|Any CPU.ActiveCfg = Release|Any CPU
		{497D7AA1-BDF6-4284-8C7C-F09D4917EF82}.Release|Any CPU.Build.0 = Release|Any CPU
	EndGlobalSection
	GlobalSection(SolutionProperties) = preSolution
		HideSolutionNode = FALSE
	EndGlobalSection
	GlobalSection(ExtensibilityGlobals) = postSolution
		SolutionGuid = {935FD266-479A-45C9-8289-18D6886F0B77}
	EndGlobalSection
EndGlobal
